Microsoft Visual Studio Solution File, Format Version 12.00
# Visual Studio Version 17
VisualStudioVersion = 17.5.2.0
MinimumVisualStudioVersion = 10.0.40219.1
Project("{FAE04EC0-301F-11D3-BF4B-00C04F79EFBC}") = "WebCalculator", "WebCalculator\WebCalculator.csproj", "{0F0F2971-4A80-7361-ED98-27AAD29B5C92}"
EndProject
Project("{2150E333-8FDC-42A3-9474-1A3956D46DE8}") = "CalcWeb", "CalcWeb", "{2AC2DE70-90B5-78DC-1F0D-75C3617B11A8}"
EndProject
Project("{FAE04EC0-301F-11D3-BF4B-00C04F79EFBC}") = "WebCalc_HTTP", "CalcWeb\WebCalc_HTTP\WebCalc_HTTP.csproj", "{CEEE21CA-7855-1629-1713-A9ACEA5B6451}"
EndProject
Global
	GlobalSection(SolutionConfigurationPlatforms) = preSolution
		Debug|Any CPU = Debug|Any CPU
		Release|Any CPU = Release|Any CPU
	EndGlobalSection
	GlobalSection(ProjectConfigurationPlatforms) = postSolution
		{0F0F2971-4A80-7361-ED98-27AAD29B5C92}.Debug|Any CPU.ActiveCfg = Debug|Any CPU
		{0F0F2971-4A80-7361-ED98-27AAD29B5C92}.Debug|Any CPU.Build.0 = Debug|Any CPU
		{0F0F2971-4A80-7361-ED98-27AAD29B5C92}.Release|Any CPU.ActiveCfg = Release|Any CPU
		{0F0F2971-4A80-7361-ED98-27AAD29B5C92}.Release|Any CPU.Build.0 = Release|Any CPU
		{CEEE21CA-7855-1629-1713-A9ACEA5B6451}.Debug|Any CPU.ActiveCfg = Debug|Any CPU
		{CEEE21CA-7855-1629-1713-A9ACEA5B6451}.Debug|Any CPU.Build.0 = Debug|Any CPU
		{CEEE21CA-7855-1629-1713-A9ACEA5B6451}.Release|Any CPU.ActiveCfg = Release|Any CPU
		{CEEE21CA-7855-1629-1713-A9ACEA5B6451}.Release|Any CPU.Build.0 = Release|Any CPU
	EndGlobalSection
	GlobalSection(SolutionProperties) = preSolution
		HideSolutionNode = FALSE
	EndGlobalSection
	GlobalSection(NestedProjects) = preSolution
		{CEEE21CA-7855-1629-1713-A9ACEA5B6451} = {2AC2DE70-90B5-78DC-1F0D-75C3617B11A8}
	EndGlobalSection
	GlobalSection(ExtensibilityGlobals) = postSolution
		SolutionGuid = {4C10216D-F02A-4BFB-B9A1-9ED9BC5F269E}
	EndGlobalSection
EndGlobal
